
Microsoft Visual Studio Solution File, Format Version 11.00
# Visual C# Express 2010
Project("{FAE04EC0-301F-11D3-BF4B-00C04F79EFBC}") = "GrassAttempt2", "GrassAttempt2\GrassAttempt2\GrassAttempt2.csproj", "{79B4818C-9B64-418F-94A0-690A80E49F4A}"
EndProject
Project("{96E2B04D-8817-42C6-938A-82C39BA4D311}") = "GrassAttempt2Content", "GrassAttempt2\GrassAttempt2Content\GrassAttempt2Content.contentproj", "{A668748D-0D70-4603-8847-B5E39B9A26BA}"
EndProject
Global
	GlobalSection(SolutionConfigurationPlatforms) = preSolution
		Debug|x86 = Debug|x86
		Release|x86 = Release|x86
	EndGlobalSection
	GlobalSection(ProjectConfigurationPlatforms) = postSolution
		{79B4818C-9B64-418F-94A0-690A80E49F4A}.Debug|x86.ActiveCfg = Debug|x86
		{79B4818C-9B64-418F-94A0-690A80E49F4A}.Debug|x86.Build.0 = Debug|x86
		{79B4818C-9B64-418F-94A0-690A80E49F4A}.Release|x86.ActiveCfg = Release|x86
		{79B4818C-9B64-418F-94A0-690A80E49F4A}.Release|x86.Build.0 = Release|x86
		{A668748D-0D70-4603-8847-B5E39B9A26BA}.Debug|x86.ActiveCfg = Debug|x86
		{A668748D-0D70-4603-8847-B5E39B9A26BA}.Release|x86.ActiveCfg = Release|x86
	EndGlobalSection
	GlobalSection(SolutionProperties) = preSolution
		HideSolutionNode = FALSE
	EndGlobalSection
EndGlobal
